
Microsoft Visual Studio Solution File, Format Version 12.00
# Visual Studio Version 17
VisualStudioVersion = 17.2.32519.379
MinimumVisualStudioVersion = 10.0.40219.1
Project("{FAE04EC0-301F-11D3-BF4B-00C04F79EFBC}") = "reg-form", "reg-form\reg-form.csproj", "{3A364CFE-EB02-4C6D-9207-779FFBB6FF14}"
EndProject
Global
	GlobalSection(SolutionConfigurationPlatforms) = preSolution
		Debug|Any CPU = Debug|Any CPU
		Release|Any CPU = Release|Any CPU
	EndGlobalSection
	GlobalSection(ProjectConfigurationPlatforms) = postSolution
		{3A364CFE-EB02-4C6D-9207-779FFBB6FF14}.Debug|Any CPU.ActiveCfg = Debug|Any CPU
		{3A364CFE-EB02-4C6D-9207-779FFBB6FF14}.Debug|Any CPU.Build.0 = Debug|Any CPU
		{3A364CFE-EB02-4C6D-9207-779FFBB6FF14}.Release|Any CPU.ActiveCfg = Release|Any CPU
		{3A364CFE-EB02-4C6D-9207-779FFBB6FF14}.Release|Any CPU.Build.0 = Release|Any CPU
	EndGlobalSection
	GlobalSection(SolutionProperties) = preSolution
		HideSolutionNode = FALSE
	EndGlobalSection
	GlobalSection(ExtensibilityGlobals) = postSolution
		SolutionGuid = {5A194F07-714C-40FB-94D3-4164BE0A0E9E}
	EndGlobalSection
EndGlobal
